
Microsoft Visual Studio Solution File, Format Version 12.00
# Visual Studio Version 16
VisualStudioVersion = 16.0.28922.388
MinimumVisualStudioVersion = 10.0.40219.1
Project("{FAE04EC0-301F-11D3-BF4B-00C04F79EFBC}") = "chrissiteMVC", "chrissiteMVC\chrissiteMVC.csproj", "{878CEF03-6BFF-44AF-85F4-C6C60D9B525B}"
EndProject
Global
	GlobalSection(SolutionConfigurationPlatforms) = preSolution
		Debug|Any CPU = Debug|Any CPU
		Release|Any CPU = Release|Any CPU
	EndGlobalSection
	GlobalSection(ProjectConfigurationPlatforms) = postSolution
		{878CEF03-6BFF-44AF-85F4-C6C60D9B525B}.Debug|Any CPU.ActiveCfg = Debug|Any CPU
		{878CEF03-6BFF-44AF-85F4-C6C60D9B525B}.Debug|Any CPU.Build.0 = Debug|Any CPU
		{878CEF03-6BFF-44AF-85F4-C6C60D9B525B}.Release|Any CPU.ActiveCfg = Release|Any CPU
		{878CEF03-6BFF-44AF-85F4-C6C60D9B525B}.Release|Any CPU.Build.0 = Release|Any CPU
	EndGlobalSection
	GlobalSection(SolutionProperties) = preSolution
		HideSolutionNode = FALSE
	EndGlobalSection
	GlobalSection(ExtensibilityGlobals) = postSolution
		SolutionGuid = {416381F2-0D2D-43C9-B36E-66AB4D0960EA}
	EndGlobalSection
EndGlobal
